<?xml version="1.0" encoding="utf-8"?>
<Project ToolsVersion="4.0" xmlns="http://schemas.microsoft.com/developer/msbuild/2003">
  <ItemGroup>
    <Filter Include="Kernel">
      <UniqueIdentifier>{d0cf7534-6495-4be9-8be8-3a64503c1c6b}</UniqueIdentifier>
    </Filter>
    <Filter Include="Shared Files">
      <UniqueIdentifier>{f9dceb20-e576-4b7a-9f45-1bcb7c72cf04}</UniqueIdentifier>
    </Filter>
    <Filter Include="Shared Files\Engine">
      <UniqueIdentifier>{9fc34750-ad27-4bf6-b792-df927cce5a85}</UniqueIdentifier>
    </Filter>
    <Filter Include="Shared Files\Editor">
      <UniqueIdentifier>{4feb86b2-d565-4b67-9f82-df9fe14a5327}</UniqueIdentifier>
    </Filter>
    <Filter Include="Shared Files\Plugins">
      <UniqueIdentifier>{161255e1-6a72-40bf-91d5-52e351f6b828}</UniqueIdentifier>
    </Filter>
    <Filter Include="Shader">
      <UniqueIdentifier>{6c2c5ea7-a8de-4cae-9e66-548f684fea47}</UniqueIdentifier>
    </Filter>
  </ItemGroup>
  <ItemGroup>
    <ClCompile Include="Material\stdafx.cpp">
      <Filter>Kernel</Filter>
    </ClCompile>
    <ClCompile Include="..\Shared\GameMtlLib.cpp">
      <Filter>Shared Files\Engine</Filter>
    </ClCompile>
    <ClCompile Include="..\Shared\ELog.cpp">
      <Filter>Shared Files\Editor</Filter>
    </ClCompile>
    <ClCompile Include="..\Shared\BlenderListLoader.cpp">
      <Filter>Shared Files\Plugins</Filter>
    </ClCompile>
    <ClCompile Include="Material\crc16.cpp">
      <Filter>Shader</Filter>
    </ClCompile>
    <ClCompile Include="Material\lambertShader.cpp">
      <Filter>Shader</Filter>
    </ClCompile>
  </ItemGroup>
  <ItemGroup>
    <ClInclude Include="..\Shared\GameMtlLib.h">
      <Filter>Shared Files\Engine</Filter>
    </ClInclude>
    <ClInclude Include="..\Shared\ELog.h">
      <Filter>Shared Files\Editor</Filter>
    </ClInclude>
    <ClInclude Include="..\Shared\BlenderListLoader.h">
      <Filter>Shared Files\Plugins</Filter>
    </ClInclude>
  </ItemGroup>
  <ItemGroup>
    <None Include="Material\AElambertShaderTemplate.mel">
      <Filter>Shader</Filter>
    </None>
    <None Include="Material\AEXRayMtlTemplate.mel">
      <Filter>Shader</Filter>
    </None>
  </ItemGroup>
  <ItemGroup>
    <CustomBuild Include="Material\Stdafx.h">
      <Filter>Kernel</Filter>
    </CustomBuild>
  </ItemGroup>
</Project>