<?xml version="1.0" encoding="utf-8"?>
<Project ToolsVersion="4.0" xmlns="http://schemas.microsoft.com/developer/msbuild/2003">
  <ItemGroup>
    <Filter Include="General">
      <UniqueIdentifier>{aa78fa29-9a88-45bb-8cd7-e3ad4c202cac}</UniqueIdentifier>
    </Filter>
    <Filter Include="General\Resources">
      <UniqueIdentifier>{a82a7e9d-3996-43cd-bba0-ad1a3ad6f457}</UniqueIdentifier>
    </Filter>
    <Filter Include="Interfaces">
      <UniqueIdentifier>{2e94be2a-1355-4fed-bdea-eee2eef336a3}</UniqueIdentifier>
    </Filter>
    <Filter Include="Interfaces\Sound">
      <UniqueIdentifier>{0306a6e2-b839-42bb-a5f2-206fd0e0f18b}</UniqueIdentifier>
    </Filter>
    <Filter Include="Interfaces\Input">
      <UniqueIdentifier>{3f914309-df8e-4956-b860-5ea9e6ae6873}</UniqueIdentifier>
    </Filter>
    <Filter Include="Interfaces\Sheduler">
      <UniqueIdentifier>{5764a309-b124-423c-a245-c598ef498008}</UniqueIdentifier>
    </Filter>
    <Filter Include="Interfaces\Render">
      <UniqueIdentifier>{9967b752-c074-427e-bcc0-1f7b84efcbce}</UniqueIdentifier>
    </Filter>
    <Filter Include="Interfaces\SPATIAL">
      <UniqueIdentifier>{9310a654-9144-4678-b2d6-d8491a1e1a7e}</UniqueIdentifier>
    </Filter>
    <Filter Include="Interfaces\Collidable">
      <UniqueIdentifier>{4969e2e7-ed8d-44b9-96f2-d7276ce4557e}</UniqueIdentifier>
    </Filter>
    <Filter Include="Interfaces\Physics">
      <UniqueIdentifier>{0b23386a-0ce2-44d2-9e11-7e58eace86f3}</UniqueIdentifier>
    </Filter>
    <Filter Include="Game API">
      <UniqueIdentifier>{ad60d052-23fa-44b3-862c-21427dbae773}</UniqueIdentifier>
    </Filter>
    <Filter Include="Game API\Objects">
      <UniqueIdentifier>{8b11f806-1631-4692-b075-c435964940b0}</UniqueIdentifier>
    </Filter>
    <Filter Include="Game API\HUD">
      <UniqueIdentifier>{7c1ed8e8-6037-47ee-817d-ac07df3ff966}</UniqueIdentifier>
    </Filter>
    <Filter Include="Game API\Environment">
      <UniqueIdentifier>{fab95b11-17ff-4876-9ac9-eaf8067eb146}</UniqueIdentifier>
    </Filter>
    <Filter Include="Game API\Environment\Effects">
      <UniqueIdentifier>{f66d2ef2-da87-4b98-b064-72f146528852}</UniqueIdentifier>
    </Filter>
    <Filter Include="Game API\Cameras">
      <UniqueIdentifier>{9947acd5-7f06-4911-bbc8-0c9dbe49f90c}</UniqueIdentifier>
    </Filter>
    <Filter Include="Game API\Collision">
      <UniqueIdentifier>{561ca56a-200a-49e9-a590-15ffc531b9e5}</UniqueIdentifier>
    </Filter>
    <Filter Include="Game API\Animator">
      <UniqueIdentifier>{c97c38f1-fdef-4d13-a08e-0e7ae26e9a96}</UniqueIdentifier>
    </Filter>
    <Filter Include="Game API\Feelers">
      <UniqueIdentifier>{adb12e3e-b568-424d-99d0-0ee5fee39f36}</UniqueIdentifier>
    </Filter>
    <Filter Include="Game API\Demo">
      <UniqueIdentifier>{dcdc0170-9f25-49e7-886c-b76040d22337}</UniqueIdentifier>
    </Filter>
    <Filter Include="Game API\GameMaterials">
      <UniqueIdentifier>{9e94fb72-98f8-4bd8-8fbe-dcdfe2caa0e3}</UniqueIdentifier>
    </Filter>
    <Filter Include="Game API\Debug">
      <UniqueIdentifier>{608d532a-f54f-449f-a36a-9ff1cf95b954}</UniqueIdentifier>
    </Filter>
    <Filter Include="Render">
      <UniqueIdentifier>{1a39e86f-7d7d-43bf-bece-0bb123cf7b68}</UniqueIdentifier>
    </Filter>
    <Filter Include="Render\Visuals">
      <UniqueIdentifier>{6ea06cfb-141d-43ae-bde0-9cb1878b4659}</UniqueIdentifier>
    </Filter>
    <Filter Include="Render\Visuals\Skeleton">
      <UniqueIdentifier>{8ff448eb-72b6-4a76-be3e-bcc066f8ba94}</UniqueIdentifier>
    </Filter>
    <Filter Include="Render\Visibility">
      <UniqueIdentifier>{a70c8bd5-1883-43e5-962d-501854716bd7}</UniqueIdentifier>
    </Filter>
    <Filter Include="Render\Particle system">
      <UniqueIdentifier>{1b9789f3-edde-4c0c-b361-c58b445b8ec8}</UniqueIdentifier>
    </Filter>
    <Filter Include="Render\Lighting">
      <UniqueIdentifier>{fa1ae746-df1e-40a9-81e0-a39ae5058f04}</UniqueIdentifier>
    </Filter>
    <Filter Include="Render\Font output">
      <UniqueIdentifier>{b1377452-b5aa-4fe8-9d92-987dea6b3bcf}</UniqueIdentifier>
    </Filter>
    <Filter Include="Render\Execution &amp; 3D">
      <UniqueIdentifier>{566215a4-516d-4129-9ffb-775bdd11711c}</UniqueIdentifier>
    </Filter>
    <Filter Include="Render\Execution &amp; 3D\Shaders">
      <UniqueIdentifier>{43150c58-6da8-4ab1-8c37-15d426a9d3ac}</UniqueIdentifier>
    </Filter>
    <Filter Include="Render\Execution &amp; 3D\Shaders\Textures">
      <UniqueIdentifier>{d76d7f64-dc0f-4ca2-bc86-da40b3fff8b9}</UniqueIdentifier>
    </Filter>
    <Filter Include="Render\Execution &amp; 3D\TextConsole">
      <UniqueIdentifier>{73e6c44e-cd46-47cc-b5f3-aeb851ca820f}</UniqueIdentifier>
    </Filter>
    <Filter Include="Engine">
      <UniqueIdentifier>{7a87f3be-900c-4327-882d-56c7ef36caac}</UniqueIdentifier>
    </Filter>
    <Filter Include="Engine\Collision Core">
      <UniqueIdentifier>{d27db83d-0f2a-4c67-81e2-23e65eaccf6a}</UniqueIdentifier>
    </Filter>
    <Filter Include="Engine\Console">
      <UniqueIdentifier>{3039c004-c99e-480f-94ca-a4c87b4e3e13}</UniqueIdentifier>
    </Filter>
    <Filter Include="Engine\Console\commands">
      <UniqueIdentifier>{5c59e826-6da0-444b-85d2-be4521f20d2d}</UniqueIdentifier>
    </Filter>
    <Filter Include="Engine\Core">
      <UniqueIdentifier>{2225912f-205a-4cd8-a279-5ad363e23d21}</UniqueIdentifier>
    </Filter>
    <Filter Include="Engine\Core\Scripting">
      <UniqueIdentifier>{965d0d68-467a-4c25-b34f-09e92d3c5ea6}</UniqueIdentifier>
    </Filter>
    <Filter Include="Engine\Noise">
      <UniqueIdentifier>{6bf5401a-45a4-4408-b8e8-c8faab5133c5}</UniqueIdentifier>
    </Filter>
    <Filter Include="Engine\text_editor">
      <UniqueIdentifier>{43df53b5-fdd9-4e2f-9e77-65f0798fcfe3}</UniqueIdentifier>
    </Filter>
    <Filter Include="Engine\text_editor\line_editor">
      <UniqueIdentifier>{b43c0a88-9607-4dd6-9c0c-651289af8171}</UniqueIdentifier>
    </Filter>
    <Filter Include="Engine\text_editor\line_editor_control">
      <UniqueIdentifier>{672ef809-c07c-4687-a9aa-ab08e18d8f77}</UniqueIdentifier>
    </Filter>
    <Filter Include="Engine\text_editor\edit_actions">
      <UniqueIdentifier>{2ca5e9b2-1656-4412-a590-8394f05c3b64}</UniqueIdentifier>
    </Filter>
    <Filter Include="RenderRef">
      <UniqueIdentifier>{4628a835-64c4-4bcc-af52-828dae093b4b}</UniqueIdentifier>
    </Filter>
    <Filter Include="RenderRef\Execution &amp; 3D">
      <UniqueIdentifier>{c90ff173-3aee-4e84-bfc7-61478e7a3fb9}</UniqueIdentifier>
    </Filter>
    <Filter Include="RenderRef\Execution &amp; 3D\Device">
      <UniqueIdentifier>{6c28eff3-4914-44d0-98b9-c9b21d283a91}</UniqueIdentifier>
    </Filter>
    <Filter Include="RenderRef\Execution &amp; 3D\Visuals">
      <UniqueIdentifier>{89543011-d121-4c82-a2fc-ab12c15a1672}</UniqueIdentifier>
    </Filter>
    <Filter Include="RenderRef\Execution &amp; 3D\Visuals\Skeleton">
      <UniqueIdentifier>{22168678-7db7-459e-8feb-8025a14ea7f6}</UniqueIdentifier>
    </Filter>
    <Filter Include="RenderRef\doug_lea_memory_allocator">
      <UniqueIdentifier>{11651ad6-57a2-459e-a798-faf1718a32e3}</UniqueIdentifier>
    </Filter>
    <Filter Include="editor">
      <UniqueIdentifier>{fff5bd9d-c760-4cf5-9d55-91b96591ea9f}</UniqueIdentifier>
    </Filter>
    <Filter Include="editor\engine_impl">
      <UniqueIdentifier>{e56d8288-93dd-43b2-ad59-e31d195e3419}</UniqueIdentifier>
    </Filter>
    <Filter Include="editor\environment">
      <UniqueIdentifier>{63b442b0-9c93-4692-818b-ffe1ec1d846a}</UniqueIdentifier>
    </Filter>
    <Filter Include="editor\environment\suns_manager">
      <UniqueIdentifier>{9f73ed2f-d966-4426-8b34-48ca1d4d42eb}</UniqueIdentifier>
    </Filter>
    <Filter Include="editor\environment\suns_manager\sun">
      <UniqueIdentifier>{f1104232-fc34-4fd9-842a-29968f7f1948}</UniqueIdentifier>
    </Filter>
    <Filter Include="editor\environment\suns_manager\sun\gradient">
      <UniqueIdentifier>{d88a4e46-a7f9-47a0-ab5d-cdf34960db7b}</UniqueIdentifier>
    </Filter>
    <Filter Include="editor\environment\suns_manager\sun\blend">
      <UniqueIdentifier>{2a3314b5-5b48-4dea-bc67-56fb45eab586}</UniqueIdentifier>
    </Filter>
    <Filter Include="editor\environment\suns_manager\sun\flares">
      <UniqueIdentifier>{52baa72a-0a73-4a0b-9b86-c331e4718ea1}</UniqueIdentifier>
    </Filter>
    <Filter Include="editor\environment\suns_manager\sun\flares\flare">
      <UniqueIdentifier>{3632fc68-ec39-46b8-831c-3fa0a1cf6db6}</UniqueIdentifier>
    </Filter>
    <Filter Include="editor\environment\levels_manager">
      <UniqueIdentifier>{4be69adb-d9bc-4ebf-97c1-d16f9800a2d4}</UniqueIdentifier>
    </Filter>
    <Filter Include="editor\environment\effects_manager">
      <UniqueIdentifier>{7b1479e7-766c-4136-b694-8dbf8eafdcef}</UniqueIdentifier>
    </Filter>
    <Filter Include="editor\environment\effects_manager\effect">
      <UniqueIdentifier>{2dad72ef-f2c1-482f-a6b2-207d74253b1d}</UniqueIdentifier>
    </Filter>
    <Filter Include="editor\environment\sound_channels_manager">
      <UniqueIdentifier>{cc05b8ee-8eac-4bd9-910c-c52ca80ae5a2}</UniqueIdentifier>
    </Filter>
    <Filter Include="editor\environment\sound_channels_manager\channel">
      <UniqueIdentifier>{0c6617ab-7525-4c83-9552-07a3dc3a8e2e}</UniqueIdentifier>
    </Filter>
    <Filter Include="editor\environment\sound_channels_manager\channel\source">
      <UniqueIdentifier>{5fc39c52-9494-4e23-8d4f-3db7851c38d1}</UniqueIdentifier>
    </Filter>
    <Filter Include="editor\environment\manager">
      <UniqueIdentifier>{d60d3b2f-424d-47a1-abb9-fc406105567d}</UniqueIdentifier>
    </Filter>
    <Filter Include="editor\environment\ambients">
      <UniqueIdentifier>{5c514b8b-e551-4a8a-b57b-33feb387ee78}</UniqueIdentifier>
    </Filter>
    <Filter Include="editor\environment\ambients\ambient">
      <UniqueIdentifier>{b82fbe54-c0cf-40c3-8228-87654b74d314}</UniqueIdentifier>
    </Filter>
    <Filter Include="editor\environment\ambients\ambient\effect_id">
      <UniqueIdentifier>{2caa8e42-b83c-46dd-9268-4ba75b91f66e}</UniqueIdentifier>
    </Filter>
    <Filter Include="editor\environment\ambients\ambient\sound_id">
      <UniqueIdentifier>{f617c5c0-9192-4df9-a4c1-7b64daecd12d}</UniqueIdentifier>
    </Filter>
    <Filter Include="editor\environment\thunderbolts">
      <UniqueIdentifier>{0aa94ec0-3273-43ad-8708-93e456ac6b1c}</UniqueIdentifier>
    </Filter>
    <Filter Include="editor\environment\thunderbolts\thunderbolt">
      <UniqueIdentifier>{c3d0e272-feb1-4930-b994-affc8a0bff78}</UniqueIdentifier>
    </Filter>
    <Filter Include="editor\environment\thunderbolts\thunderbolt\gradient">
      <UniqueIdentifier>{77572b8f-3df8-4ecd-83d4-41941ff66f80}</UniqueIdentifier>
    </Filter>
    <Filter Include="editor\environment\thunderbolts\thunderbolt_id">
      <UniqueIdentifier>{357104b7-f52a-4822-a623-102fa69d43d3}</UniqueIdentifier>
    </Filter>
    <Filter Include="editor\environment\thunderbolts\collection">
      <UniqueIdentifier>{1564c339-540d-4d9a-93a8-1881dc30597e}</UniqueIdentifier>
    </Filter>
    <Filter Include="editor\environment\weathers">
      <UniqueIdentifier>{2061c7c4-e243-4125-a45b-c3a580e68bdd}</UniqueIdentifier>
    </Filter>
    <Filter Include="editor\environment\weathers\weather">
      <UniqueIdentifier>{bc4e387c-9eeb-41a4-a5ef-0b8bdfa9307b}</UniqueIdentifier>
    </Filter>
    <Filter Include="editor\environment\weathers\weather\time">
      <UniqueIdentifier>{281b1446-c196-47fa-bd6d-4d111e5e4fed}</UniqueIdentifier>
    </Filter>
    <Filter Include="editor\environment\detail">
      <UniqueIdentifier>{5e606a3b-9893-440f-bd86-c413dff3f6cd}</UniqueIdentifier>
    </Filter>
    <Filter Include="editor\property_collection">
      <UniqueIdentifier>{34d4f014-06b1-4914-809b-e401dcb80498}</UniqueIdentifier>
    </Filter>
    <Filter Include="editor\ide">
      <UniqueIdentifier>{693a3165-2b47-48fa-8c3a-32914fa0926b}</UniqueIdentifier>
    </Filter>
    <Filter Include="OpenAutomate">
      <UniqueIdentifier>{eb4b65c8-82a7-4c4c-b540-f2774a5cd4d5}</UniqueIdentifier>
    </Filter>
    <Filter Include="My Amplifier Results">
      <UniqueIdentifier>{cee063ed-5183-4947-b034-0ca41a27738a}</UniqueIdentifier>
    </Filter>
  </ItemGroup>
  <ItemGroup>
    <ClInclude Include="_d3d_extensions.h">
      <Filter>General</Filter>
    </ClInclude>
    <ClInclude Include="CopyProtection.h">
      <Filter>General</Filter>
    </ClInclude>
    <ClInclude Include="dedicated_server_only.h">
      <Filter>General</Filter>
    </ClInclude>
    <ClInclude Include="defines.h">
      <Filter>General</Filter>
    </ClInclude>
    <ClInclude Include="mp_logging.h">
      <Filter>General</Filter>
    </ClInclude>
    <ClInclude Include="no_single.h">
      <Filter>General</Filter>
    </ClInclude>
    <ClInclude Include="stdafx.h">
      <Filter>General</Filter>
    </ClInclude>
    <ClInclude Include="trivial_encryptor.h">
      <Filter>General</Filter>
    </ClInclude>
    <ClInclude Include="x_ray.h">
      <Filter>General</Filter>
    </ClInclude>
    <ClInclude Include="resource.h">
      <Filter>General\Resources</Filter>
    </ClInclude>
    <ClInclude Include="psystem.h">
      <Filter>Interfaces</Filter>
    </ClInclude>
    <ClInclude Include="IInputReceiver.h">
      <Filter>Interfaces\Input</Filter>
    </ClInclude>
    <ClInclude Include="xr_input.h">
      <Filter>Interfaces\Input</Filter>
    </ClInclude>
    <ClInclude Include="xr_input_xinput.h">
      <Filter>Interfaces\Input</Filter>
    </ClInclude>
    <ClInclude Include="ISheduled.h">
      <Filter>Interfaces\Sheduler</Filter>
    </ClInclude>
    <ClInclude Include="xrSheduler.h">
      <Filter>Interfaces\Sheduler</Filter>
    </ClInclude>
    <ClInclude Include="IRenderable.h">
      <Filter>Interfaces\Render</Filter>
    </ClInclude>
    <ClInclude Include="Render.h">
      <Filter>Interfaces\Render</Filter>
    </ClInclude>
    <ClInclude Include="ICollidable.h">
      <Filter>Interfaces\Collidable</Filter>
    </ClInclude>
    <ClInclude Include="IObjectPhysicsCollision.h">
      <Filter>Interfaces\Physics</Filter>
    </ClInclude>
    <ClInclude Include="IPHdebug.h">
      <Filter>Interfaces\Physics</Filter>
    </ClInclude>
    <ClInclude Include="IPhysicsGeometry.h">
      <Filter>Interfaces\Physics</Filter>
    </ClInclude>
    <ClInclude Include="IPhysicsShell.h">
      <Filter>Interfaces\Physics</Filter>
    </ClInclude>
    <ClInclude Include="IGame_Level.h">
      <Filter>Game API</Filter>
    </ClInclude>
    <ClInclude Include="xrLevel.h">
      <Filter>Game API</Filter>
    </ClInclude>
    <ClInclude Include="IGame_ObjectPool.h">
      <Filter>Game API\Objects</Filter>
    </ClInclude>
    <ClInclude Include="IGame_Persistent.h">
      <Filter>Game API\Objects</Filter>
    </ClInclude>
    <ClInclude Include="pure_relcase.h">
      <Filter>Game API\Objects</Filter>
    </ClInclude>
    <ClInclude Include="xr_object.h">
      <Filter>Game API\Objects</Filter>
    </ClInclude>
    <ClInclude Include="xr_object_list.h">
      <Filter>Game API\Objects</Filter>
    </ClInclude>
    <ClInclude Include="CustomHUD.h">
      <Filter>Game API\HUD</Filter>
    </ClInclude>
    <ClInclude Include="Environment.h">
      <Filter>Game API\Environment</Filter>
    </ClInclude>
    <ClInclude Include="xrHemisphere.h">
      <Filter>Game API\Environment</Filter>
    </ClInclude>
    <ClInclude Include="Rain.h">
      <Filter>Game API\Environment\Effects</Filter>
    </ClInclude>
    <ClInclude Include="thunderbolt.h">
      <Filter>Game API\Environment\Effects</Filter>
    </ClInclude>
    <ClInclude Include="xr_efflensflare.h">
      <Filter>Game API\Environment\Effects</Filter>
    </ClInclude>
    <ClInclude Include="CameraBase.h">
      <Filter>Game API\Cameras</Filter>
    </ClInclude>
    <ClInclude Include="CameraDefs.h">
      <Filter>Game API\Cameras</Filter>
    </ClInclude>
    <ClInclude Include="CameraManager.h">
      <Filter>Game API\Cameras</Filter>
    </ClInclude>
    <ClInclude Include="Effector.h">
      <Filter>Game API\Cameras</Filter>
    </ClInclude>
    <ClInclude Include="EffectorPP.h">
      <Filter>Game API\Cameras</Filter>
    </ClInclude>
    <ClInclude Include="cf_dynamic_mesh.h">
      <Filter>Game API\Collision</Filter>
    </ClInclude>
    <ClInclude Include="xr_collide_form.h">
      <Filter>Game API\Collision</Filter>
    </ClInclude>
    <ClInclude Include="bone.h">
      <Filter>Game API\Animator</Filter>
    </ClInclude>
    <ClInclude Include="envelope.h">
      <Filter>Game API\Animator</Filter>
    </ClInclude>
    <ClInclude Include="motion.h">
      <Filter>Game API\Animator</Filter>
    </ClInclude>
    <ClInclude Include="ObjectAnimator.h">
      <Filter>Game API\Animator</Filter>
    </ClInclude>
    <ClInclude Include="Feel_Sound.h">
      <Filter>Game API\Feelers</Filter>
    </ClInclude>
    <ClInclude Include="Feel_Touch.h">
      <Filter>Game API\Feelers</Filter>
    </ClInclude>
    <ClInclude Include="Feel_Vision.h">
      <Filter>Game API\Feelers</Filter>
    </ClInclude>
    <ClInclude Include="FDemoPlay.h">
      <Filter>Game API\Demo</Filter>
    </ClInclude>
    <ClInclude Include="FDemoRecord.h">
      <Filter>Game API\Demo</Filter>
    </ClInclude>
    <ClInclude Include="GameMtlLib.h">
      <Filter>Game API\GameMaterials</Filter>
    </ClInclude>
    <ClInclude Include="ObjectDump.h">
      <Filter>Game API\Debug</Filter>
    </ClInclude>
    <ClInclude Include="EnnumerateVertices.h">
      <Filter>Render\Visuals\Skeleton</Filter>
    </ClInclude>
    <ClInclude Include="vis_common.h">
      <Filter>Render\Visibility</Filter>
    </ClInclude>
    <ClInclude Include="PS_instance.h">
      <Filter>Render\Particle system</Filter>
    </ClInclude>
    <ClInclude Include="LightAnimLibrary.h">
      <Filter>Render\Lighting</Filter>
    </ClInclude>
    <ClInclude Include="GameFont.h">
      <Filter>Render\Font output</Filter>
    </ClInclude>
    <ClInclude Include="MbHelpers.h">
      <Filter>Render\Font output</Filter>
    </ClInclude>
    <ClInclude Include="Shader_xrLC.h">
      <Filter>Render\Execution &amp; 3D\Shaders</Filter>
    </ClInclude>
    <ClInclude Include="WaveForm.h">
      <Filter>Render\Execution &amp; 3D\Shaders</Filter>
    </ClInclude>
    <ClInclude Include="tntQAVI.h">
      <Filter>Render\Execution &amp; 3D\Shaders\Textures</Filter>
    </ClInclude>
    <ClInclude Include="xrImage_Resampler.h">
      <Filter>Render\Execution &amp; 3D\Shaders\Textures</Filter>
    </ClInclude>
    <ClInclude Include="xrTheora_Stream.h">
      <Filter>Render\Execution &amp; 3D\Shaders\Textures</Filter>
    </ClInclude>
    <ClInclude Include="xrTheora_Surface.h">
      <Filter>Render\Execution &amp; 3D\Shaders\Textures</Filter>
    </ClInclude>
    <ClInclude Include="xrTheora_Surface_mmx.h">
      <Filter>Render\Execution &amp; 3D\Shaders\Textures</Filter>
    </ClInclude>
    <ClInclude Include="Text_Console.h">
      <Filter>Render\Execution &amp; 3D\TextConsole</Filter>
    </ClInclude>
    <ClInclude Include="Properties.h">
      <Filter>Engine</Filter>
    </ClInclude>
    <ClInclude Include="pure.h">
      <Filter>Engine</Filter>
    </ClInclude>
    <ClInclude Include="std_classes.h">
      <Filter>Engine</Filter>
    </ClInclude>
    <ClInclude Include="cl_intersect.h">
      <Filter>Engine\Collision Core</Filter>
    </ClInclude>
    <ClInclude Include="XR_IOConsole.h">
      <Filter>Engine\Console</Filter>
    </ClInclude>
    <ClInclude Include="xr_ioc_cmd.h">
      <Filter>Engine\Console\commands</Filter>
    </ClInclude>
    <ClInclude Include="Engine.h">
      <Filter>Engine\Core</Filter>
    </ClInclude>
    <ClInclude Include="EngineAPI.h">
      <Filter>Engine\Core</Filter>
    </ClInclude>
    <ClInclude Include="EventAPI.h">
      <Filter>Engine\Core</Filter>
    </ClInclude>
    <ClInclude Include="ai_script_lua_extension.h">
      <Filter>Engine\Core\Scripting</Filter>
    </ClInclude>
    <ClInclude Include="ai_script_lua_space.h">
      <Filter>Engine\Core\Scripting</Filter>
    </ClInclude>
    <ClInclude Include="ai_script_space.h">
      <Filter>Engine\Core\Scripting</Filter>
    </ClInclude>
    <ClInclude Include="perlin.h">
      <Filter>Engine\Noise</Filter>
    </ClInclude>
    <ClInclude Include="line_editor.h">
      <Filter>Engine\text_editor\line_editor</Filter>
    </ClInclude>
    <ClInclude Include="line_edit_control.h">
      <Filter>Engine\text_editor\line_editor_control</Filter>
    </ClInclude>
    <ClInclude Include="edit_actions.h">
      <Filter>Engine\text_editor\edit_actions</Filter>
    </ClInclude>
    <ClInclude Include="device.h">
      <Filter>RenderRef\Execution &amp; 3D\Device</Filter>
    </ClInclude>
    <ClInclude Include="StatGraph.h">
      <Filter>RenderRef\Execution &amp; 3D\Device</Filter>
    </ClInclude>
    <ClInclude Include="Stats.h">
      <Filter>RenderRef\Execution &amp; 3D\Device</Filter>
    </ClInclude>
    <ClInclude Include="Fmesh.h">
      <Filter>RenderRef\Execution &amp; 3D\Visuals</Filter>
    </ClInclude>
    <ClInclude Include="SkeletonMotionDefs.h">
      <Filter>RenderRef\Execution &amp; 3D\Visuals\Skeleton</Filter>
    </ClInclude>
    <ClInclude Include="SkeletonMotions.h">
      <Filter>RenderRef\Execution &amp; 3D\Visuals\Skeleton</Filter>
    </ClInclude>
    <ClInclude Include="doug_lea_memory_allocator.h">
      <Filter>RenderRef\doug_lea_memory_allocator</Filter>
    </ClInclude>
    <ClInclude Include="engine_impl.hpp">
      <Filter>editor\engine_impl</Filter>
    </ClInclude>
    <ClInclude Include="editor_environment_suns_manager.hpp">
      <Filter>editor\environment\suns_manager</Filter>
    </ClInclude>
    <ClInclude Include="editor_environment_suns_sun.hpp">
      <Filter>editor\environment\suns_manager\sun</Filter>
    </ClInclude>
    <ClInclude Include="editor_environment_suns_gradient.hpp">
      <Filter>editor\environment\suns_manager\sun\gradient</Filter>
    </ClInclude>
    <ClInclude Include="editor_environment_suns_blend.hpp">
      <Filter>editor\environment\suns_manager\sun\blend</Filter>
    </ClInclude>
    <ClInclude Include="editor_environment_suns_flares.hpp">
      <Filter>editor\environment\suns_manager\sun\flares</Filter>
    </ClInclude>
    <ClInclude Include="editor_environment_suns_flare.hpp">
      <Filter>editor\environment\suns_manager\sun\flares\flare</Filter>
    </ClInclude>
    <ClInclude Include="editor_environment_levels_manager.hpp">
      <Filter>editor\environment\levels_manager</Filter>
    </ClInclude>
    <ClInclude Include="editor_environment_effects_manager.hpp">
      <Filter>editor\environment\effects_manager</Filter>
    </ClInclude>
    <ClInclude Include="editor_environment_effects_effect.hpp">
      <Filter>editor\environment\effects_manager\effect</Filter>
    </ClInclude>
    <ClInclude Include="editor_environment_sound_channels_manager.hpp">
      <Filter>editor\environment\sound_channels_manager</Filter>
    </ClInclude>
    <ClInclude Include="editor_environment_sound_channels_channel.hpp">
      <Filter>editor\environment\sound_channels_manager\channel</Filter>
    </ClInclude>
    <ClInclude Include="editor_environment_sound_channels_source.hpp">
      <Filter>editor\environment\sound_channels_manager\channel\source</Filter>
    </ClInclude>
    <ClInclude Include="editor_environment_manager.hpp">
      <Filter>editor\environment\manager</Filter>
    </ClInclude>
    <ClInclude Include="editor_environment_ambients_manager.hpp">
      <Filter>editor\environment\ambients</Filter>
    </ClInclude>
    <ClInclude Include="editor_environment_ambients_ambient.hpp">
      <Filter>editor\environment\ambients\ambient</Filter>
    </ClInclude>
    <ClInclude Include="editor_environment_ambients_effect_id.hpp">
      <Filter>editor\environment\ambients\ambient\effect_id</Filter>
    </ClInclude>
    <ClInclude Include="editor_environment_ambients_sound_id.hpp">
      <Filter>editor\environment\ambients\ambient\sound_id</Filter>
    </ClInclude>
    <ClInclude Include="editor_environment_thunderbolts_manager.hpp">
      <Filter>editor\environment\thunderbolts</Filter>
    </ClInclude>
    <ClInclude Include="editor_environment_thunderbolts_thunderbolt.hpp">
      <Filter>editor\environment\thunderbolts\thunderbolt</Filter>
    </ClInclude>
    <ClInclude Include="editor_environment_thunderbolts_gradient.hpp">
      <Filter>editor\environment\thunderbolts\thunderbolt\gradient</Filter>
    </ClInclude>
    <ClInclude Include="editor_environment_thunderbolts_thunderbolt_id.hpp">
      <Filter>editor\environment\thunderbolts\thunderbolt_id</Filter>
    </ClInclude>
    <ClInclude Include="editor_environment_thunderbolts_collection.hpp">
      <Filter>editor\environment\thunderbolts\collection</Filter>
    </ClInclude>
    <ClInclude Include="editor_environment_weathers_manager.hpp">
      <Filter>editor\environment\weathers</Filter>
    </ClInclude>
    <ClInclude Include="editor_environment_weathers_weather.hpp">
      <Filter>editor\environment\weathers\weather</Filter>
    </ClInclude>
    <ClInclude Include="editor_environment_weathers_time.hpp">
      <Filter>editor\environment\weathers\weather\time</Filter>
    </ClInclude>
    <ClInclude Include="editor_environment_detail.hpp">
      <Filter>editor\environment\detail</Filter>
    </ClInclude>
    <ClInclude Include="property_collection.hpp">
      <Filter>editor\property_collection</Filter>
    </ClInclude>
    <ClInclude Include="property_collection_forward.hpp">
      <Filter>editor\property_collection</Filter>
    </ClInclude>
    <ClInclude Include="property_collection_inline.hpp">
      <Filter>editor\property_collection</Filter>
    </ClInclude>
    <ClInclude Include="ide.hpp">
      <Filter>editor\ide</Filter>
    </ClInclude>
    <ClInclude Include="xrSASH.h">
      <Filter>OpenAutomate</Filter>
    </ClInclude>
  </ItemGroup>
  <ItemGroup>
    <ClCompile Include="defines.cpp">
      <Filter>General</Filter>
    </ClCompile>
    <ClCompile Include="stdafx.cpp">
      <Filter>General</Filter>
    </ClCompile>
    <ClCompile Include="x_ray.cpp">
      <Filter>General</Filter>
    </ClCompile>
    <ClCompile Include="IInputReceiver.cpp">
      <Filter>Interfaces\Input</Filter>
    </ClCompile>
    <ClCompile Include="Xr_input.cpp">
      <Filter>Interfaces\Input</Filter>
    </ClCompile>
    <ClCompile Include="xr_input_xinput.cpp">
      <Filter>Interfaces\Input</Filter>
    </ClCompile>
    <ClCompile Include="ISheduled.cpp">
      <Filter>Interfaces\Sheduler</Filter>
    </ClCompile>
    <ClCompile Include="xrSheduler.cpp">
      <Filter>Interfaces\Sheduler</Filter>
    </ClCompile>
    <ClCompile Include="IRenderable.cpp">
      <Filter>Interfaces\Render</Filter>
    </ClCompile>
    <ClCompile Include="Render.cpp">
      <Filter>Interfaces\Render</Filter>
    </ClCompile>
    <ClCompile Include="ICollidable.cpp">
      <Filter>Interfaces\Collidable</Filter>
    </ClCompile>
    <ClCompile Include="phdebug.cpp">
      <Filter>Interfaces\Physics</Filter>
    </ClCompile>
    <ClCompile Include="IGame_Level.cpp">
      <Filter>Game API</Filter>
    </ClCompile>
    <ClCompile Include="IGame_Level_check_textures.cpp">
      <Filter>Game API</Filter>
    </ClCompile>
    <ClCompile Include="IGame_Persistent.cpp">
      <Filter>Game API</Filter>
    </ClCompile>
    <ClCompile Include="IGame_ObjectPool.cpp">
      <Filter>Game API\Objects</Filter>
    </ClCompile>
    <ClCompile Include="pure_relcase.cpp">
      <Filter>Game API\Objects</Filter>
    </ClCompile>
    <ClCompile Include="xr_object.cpp">
      <Filter>Game API\Objects</Filter>
    </ClCompile>
    <ClCompile Include="xr_object_list.cpp">
      <Filter>Game API\Objects</Filter>
    </ClCompile>
    <ClCompile Include="CustomHUD.cpp">
      <Filter>Game API\HUD</Filter>
    </ClCompile>
    <ClCompile Include="Environment.cpp">
      <Filter>Game API\Environment</Filter>
    </ClCompile>
    <ClCompile Include="Environment_misc.cpp">
      <Filter>Game API\Environment</Filter>
    </ClCompile>
    <ClCompile Include="Environment_render.cpp">
      <Filter>Game API\Environment</Filter>
    </ClCompile>
    <ClCompile Include="xrHemisphere.cpp">
      <Filter>Game API\Environment</Filter>
    </ClCompile>
    <ClCompile Include="Rain.cpp">
      <Filter>Game API\Environment\Effects</Filter>
    </ClCompile>
    <ClCompile Include="thunderbolt.cpp">
      <Filter>Game API\Environment\Effects</Filter>
    </ClCompile>
    <ClCompile Include="xr_efflensflare.cpp">
      <Filter>Game API\Environment\Effects</Filter>
    </ClCompile>
    <ClCompile Include="CameraBase.cpp">
      <Filter>Game API\Cameras</Filter>
    </ClCompile>
    <ClCompile Include="CameraManager.cpp">
      <Filter>Game API\Cameras</Filter>
    </ClCompile>
    <ClCompile Include="Effector.cpp">
      <Filter>Game API\Cameras</Filter>
    </ClCompile>
    <ClCompile Include="EffectorPP.cpp">
      <Filter>Game API\Cameras</Filter>
    </ClCompile>
    <ClCompile Include="cf_dynamic_mesh.cpp">
      <Filter>Game API\Collision</Filter>
    </ClCompile>
    <ClCompile Include="xr_collide_form.cpp">
      <Filter>Game API\Collision</Filter>
    </ClCompile>
    <ClCompile Include="bone.cpp">
      <Filter>Game API\Animator</Filter>
    </ClCompile>
    <ClCompile Include="Envelope.cpp">
      <Filter>Game API\Animator</Filter>
    </ClCompile>
    <ClCompile Include="interp.cpp">
      <Filter>Game API\Animator</Filter>
    </ClCompile>
    <ClCompile Include="motion.cpp">
      <Filter>Game API\Animator</Filter>
    </ClCompile>
    <ClCompile Include="ObjectAnimator.cpp">
      <Filter>Game API\Animator</Filter>
    </ClCompile>
    <ClCompile Include="Feel_Touch.cpp">
      <Filter>Game API\Feelers</Filter>
    </ClCompile>
    <ClCompile Include="Feel_Vision.cpp">
      <Filter>Game API\Feelers</Filter>
    </ClCompile>
    <ClCompile Include="FDemoPlay.cpp">
      <Filter>Game API\Demo</Filter>
    </ClCompile>
    <ClCompile Include="FDemoRecord.cpp">
      <Filter>Game API\Demo</Filter>
    </ClCompile>
    <ClCompile Include="GameMtlLib.cpp">
      <Filter>Game API\GameMaterials</Filter>
    </ClCompile>
    <ClCompile Include="GameMtlLib_Engine.cpp">
      <Filter>Game API\GameMaterials</Filter>
    </ClCompile>
    <ClCompile Include="ObjectDump.cpp">
      <Filter>Game API\Debug</Filter>
    </ClCompile>
    <ClCompile Include="PS_instance.cpp">
      <Filter>Render\Particle system</Filter>
    </ClCompile>
    <ClCompile Include="LightAnimLibrary.cpp">
      <Filter>Render\Lighting</Filter>
    </ClCompile>
    <ClCompile Include="GameFont.cpp">
      <Filter>Render\Font output</Filter>
    </ClCompile>
    <ClCompile Include="MbHelpers.cpp">
      <Filter>Render\Font output</Filter>
    </ClCompile>
    <ClCompile Include="tntQAVI.cpp">
      <Filter>Render\Execution &amp; 3D\Shaders\Textures</Filter>
    </ClCompile>
    <ClCompile Include="xrImage_Resampler.cpp">
      <Filter>Render\Execution &amp; 3D\Shaders\Textures</Filter>
    </ClCompile>
    <ClCompile Include="xrTheora_Stream.cpp">
      <Filter>Render\Execution &amp; 3D\Shaders\Textures</Filter>
    </ClCompile>
    <ClCompile Include="xrTheora_Surface.cpp">
      <Filter>Render\Execution &amp; 3D\Shaders\Textures</Filter>
    </ClCompile>
    <ClCompile Include="xrTheora_Surface_mmx.cpp">
      <Filter>Render\Execution &amp; 3D\Shaders\Textures</Filter>
    </ClCompile>
    <ClCompile Include="Text_Console.cpp">
      <Filter>Render\Execution &amp; 3D\TextConsole</Filter>
    </ClCompile>
    <ClCompile Include="Text_Console_WndProc.cpp">
      <Filter>Render\Execution &amp; 3D\TextConsole</Filter>
    </ClCompile>
    <ClCompile Include="pure.cpp">
      <Filter>Engine</Filter>
    </ClCompile>
    <ClCompile Include="XR_IOConsole.cpp">
      <Filter>Engine\Console</Filter>
    </ClCompile>
    <ClCompile Include="XR_IOConsole_callback.cpp">
      <Filter>Engine\Console</Filter>
    </ClCompile>
    <ClCompile Include="XR_IOConsole_control.cpp">
      <Filter>Engine\Console</Filter>
    </ClCompile>
    <ClCompile Include="XR_IOConsole_get.cpp">
      <Filter>Engine\Console</Filter>
    </ClCompile>
    <ClCompile Include="xr_ioc_cmd.cpp">
      <Filter>Engine\Console\commands</Filter>
    </ClCompile>
    <ClCompile Include="Engine.cpp">
      <Filter>Engine\Core</Filter>
    </ClCompile>
    <ClCompile Include="EngineAPI.cpp">
      <Filter>Engine\Core</Filter>
    </ClCompile>
    <ClCompile Include="EventAPI.cpp">
      <Filter>Engine\Core</Filter>
    </ClCompile>
    <ClCompile Include="mailSlot.cpp">
      <Filter>Engine\Core</Filter>
    </ClCompile>
    <ClCompile Include="_scripting.cpp">
      <Filter>Engine\Core\Scripting</Filter>
    </ClCompile>
    <ClCompile Include="ai_script_lua_debug.cpp">
      <Filter>Engine\Core\Scripting</Filter>
    </ClCompile>
    <ClCompile Include="ai_script_lua_extension.cpp">
      <Filter>Engine\Core\Scripting</Filter>
    </ClCompile>
    <ClCompile Include="perlin.cpp">
      <Filter>Engine\Noise</Filter>
    </ClCompile>
    <ClCompile Include="line_editor.cpp">
      <Filter>Engine\text_editor\line_editor</Filter>
    </ClCompile>
    <ClCompile Include="line_edit_control.cpp">
      <Filter>Engine\text_editor\line_editor_control</Filter>
    </ClCompile>
    <ClCompile Include="edit_actions.cpp">
      <Filter>Engine\text_editor\edit_actions</Filter>
    </ClCompile>
    <ClCompile Include="device.cpp">
      <Filter>RenderRef\Execution &amp; 3D\Device</Filter>
    </ClCompile>
    <ClCompile Include="Device_create.cpp">
      <Filter>RenderRef\Execution &amp; 3D\Device</Filter>
    </ClCompile>
    <ClCompile Include="Device_destroy.cpp">
      <Filter>RenderRef\Execution &amp; 3D\Device</Filter>
    </ClCompile>
    <ClCompile Include="Device_Initialize.cpp">
      <Filter>RenderRef\Execution &amp; 3D\Device</Filter>
    </ClCompile>
    <ClCompile Include="Device_Misc.cpp">
      <Filter>RenderRef\Execution &amp; 3D\Device</Filter>
    </ClCompile>
    <ClCompile Include="Device_overdraw.cpp">
      <Filter>RenderRef\Execution &amp; 3D\Device</Filter>
    </ClCompile>
    <ClCompile Include="Device_wndproc.cpp">
      <Filter>RenderRef\Execution &amp; 3D\Device</Filter>
    </ClCompile>
    <ClCompile Include="StatGraph.cpp">
      <Filter>RenderRef\Execution &amp; 3D\Device</Filter>
    </ClCompile>
    <ClCompile Include="Stats.cpp">
      <Filter>RenderRef\Execution &amp; 3D\Device</Filter>
    </ClCompile>
    <ClCompile Include="fmesh.cpp">
      <Filter>RenderRef\Execution &amp; 3D\Visuals</Filter>
    </ClCompile>
    <ClCompile Include="SkeletonMotions.cpp">
      <Filter>RenderRef\Execution &amp; 3D\Visuals\Skeleton</Filter>
    </ClCompile>
    <ClCompile Include="doug_lea_memory_allocator.c">
      <Filter>RenderRef\doug_lea_memory_allocator</Filter>
    </ClCompile>
    <ClCompile Include="engine_impl.cpp">
      <Filter>editor\engine_impl</Filter>
    </ClCompile>
    <ClCompile Include="editor_environment_suns_manager.cpp">
      <Filter>editor\environment\suns_manager</Filter>
    </ClCompile>
    <ClCompile Include="editor_environment_suns_sun.cpp">
      <Filter>editor\environment\suns_manager\sun</Filter>
    </ClCompile>
    <ClCompile Include="editor_environment_suns_gradient.cpp">
      <Filter>editor\environment\suns_manager\sun\gradient</Filter>
    </ClCompile>
    <ClCompile Include="editor_environment_suns_blend.cpp">
      <Filter>editor\environment\suns_manager\sun\blend</Filter>
    </ClCompile>
    <ClCompile Include="editor_environment_suns_flares.cpp">
      <Filter>editor\environment\suns_manager\sun\flares</Filter>
    </ClCompile>
    <ClCompile Include="editor_environment_suns_flare.cpp">
      <Filter>editor\environment\suns_manager\sun\flares\flare</Filter>
    </ClCompile>
    <ClCompile Include="editor_environment_levels_manager.cpp">
      <Filter>editor\environment\levels_manager</Filter>
    </ClCompile>
    <ClCompile Include="editor_environment_effects_manager.cpp">
      <Filter>editor\environment\effects_manager</Filter>
    </ClCompile>
    <ClCompile Include="editor_environment_effects_effect.cpp">
      <Filter>editor\environment\effects_manager\effect</Filter>
    </ClCompile>
    <ClCompile Include="editor_environment_sound_channels_manager.cpp">
      <Filter>editor\environment\sound_channels_manager</Filter>
    </ClCompile>
    <ClCompile Include="editor_environment_sound_channels_channel.cpp">
      <Filter>editor\environment\sound_channels_manager\channel</Filter>
    </ClCompile>
    <ClCompile Include="editor_environment_sound_channels_source.cpp">
      <Filter>editor\environment\sound_channels_manager\channel\source</Filter>
    </ClCompile>
    <ClCompile Include="editor_environment_manager.cpp">
      <Filter>editor\environment\manager</Filter>
    </ClCompile>
    <ClCompile Include="editor_environment_manager_properties.cpp">
      <Filter>editor\environment\manager</Filter>
    </ClCompile>
    <ClCompile Include="editor_environment_ambients_manager.cpp">
      <Filter>editor\environment\ambients</Filter>
    </ClCompile>
    <ClCompile Include="editor_environment_ambients_ambient.cpp">
      <Filter>editor\environment\ambients\ambient</Filter>
    </ClCompile>
    <ClCompile Include="editor_environment_ambients_effect_id.cpp">
      <Filter>editor\environment\ambients\ambient\effect_id</Filter>
    </ClCompile>
    <ClCompile Include="editor_environment_ambients_sound_id.cpp">
      <Filter>editor\environment\ambients\ambient\sound_id</Filter>
    </ClCompile>
    <ClCompile Include="editor_environment_thunderbolts_manager.cpp">
      <Filter>editor\environment\thunderbolts</Filter>
    </ClCompile>
    <ClCompile Include="editor_environment_thunderbolts_thunderbolt.cpp">
      <Filter>editor\environment\thunderbolts\thunderbolt</Filter>
    </ClCompile>
    <ClCompile Include="editor_environment_thunderbolts_gradient.cpp">
      <Filter>editor\environment\thunderbolts\thunderbolt\gradient</Filter>
    </ClCompile>
    <ClCompile Include="editor_environment_thunderbolts_thunderbolt_id.cpp">
      <Filter>editor\environment\thunderbolts\thunderbolt_id</Filter>
    </ClCompile>
    <ClCompile Include="editor_environment_thunderbolts_collection.cpp">
      <Filter>editor\environment\thunderbolts\collection</Filter>
    </ClCompile>
    <ClCompile Include="editor_environment_weathers_manager.cpp">
      <Filter>editor\environment\weathers</Filter>
    </ClCompile>
    <ClCompile Include="editor_environment_weathers_weather.cpp">
      <Filter>editor\environment\weathers\weather</Filter>
    </ClCompile>
    <ClCompile Include="editor_environment_weathers_time.cpp">
      <Filter>editor\environment\weathers\weather\time</Filter>
    </ClCompile>
    <ClCompile Include="editor_environment_detail.cpp">
      <Filter>editor\environment\detail</Filter>
    </ClCompile>
    <ClCompile Include="xrSASH.cpp">
      <Filter>OpenAutomate</Filter>
    </ClCompile>
  </ItemGroup>
  <ItemGroup>
    <ResourceCompile Include="resource.rc">
      <Filter>General\Resources</Filter>
    </ResourceCompile>
  </ItemGroup>
  <ItemGroup>
    <Image Include="splash_xrcs_en.bmp">
      <Filter>General\Resources</Filter>
    </Image>
    <Image Include="stalker_cs.ico">
      <Filter>General\Resources</Filter>
    </Image>
  </ItemGroup>
  <ItemGroup>
    <None Include="My Amplifier Results\r000hs\r000hs.ampl">
      <Filter>My Amplifier Results</Filter>
    </None>
    <None Include="My Amplifier Results\r001hs\r001hs.ampl">
      <Filter>My Amplifier Results</Filter>
    </None>
    <None Include="My Amplifier Results\r002cc\r002cc.ampl">
      <Filter>My Amplifier Results</Filter>
    </None>
  </ItemGroup>
  <ItemGroup>
    <Text Include="ClientServer.txt" />
    <Text Include="Effects description.txt" />
    <Text Include="features.txt" />
    <Text Include="TODO.txt" />
  </ItemGroup>
</Project>